github.com/davecgh/go-spew v1.1.1 h1:vj9j/u1bqnvCEfJOwUhtlOARqs3+rkHYY13jYWTU97c=
github.com/gen2brain/raylib-go/raylib v0.0.0-20230926162906-60733cd63df9 h1:S4PughHvfMEEMMH8sLPtQKI6wT7x/ZNAaNfnU7aSUck=
github.com/gen2brain/raylib-go/raylib v0.0.0-20230926162906-60733cd63df9/go.mod h1:AwtGA3aTtYdezNxEVbfchaLw/z+CuRDh2Mlxy0FbBro=
github.com/lafriks/go-tiled v0.12.0 h1:uteu/gkllQmv2/2O1xgxhyOH5/9VsOyGd5/M9sBeBjQ=
github.com/lafriks/go-tiled v0.12.0/go.mod h1:W+Jg+seXMJu+fx7YCr/1PWNwMuvRWiOcywK72TnKc0M=
github.com/pmezard/go-difflib v1.0.0 h1:4DBwDE0NGyQoBHbLQYPwSUPoCMWR5BEzIk/f1lZbAQM=
github.com/stretchr/testify v1.8.2 h1:+h33VjcLVPDHtOdpUCuF+7gSuG3yGIftsP1YvFihtJ8=
gopkg.in/yaml.v3 v3.0.1 h1:fxVm/GzAzEWqLHuvctI91KS9hhNmmWOoWu0XTYJS7CA=
