github.com/gen2brain/raylib-go/raylib v0.0.0-20230926162906-60733cd63df9 h1:S4PughHvfMEEMMH8sLPtQKI6wT7x/ZNAaNfnU7aSUck=
github.com/gen2brain/raylib-go/raylib v0.0.0-20230926162906-60733cd63df9/go.mod h1:AwtGA3aTtYdezNxEVbfchaLw/z+CuRDh2Mlxy0FbBro=
gopkg.in/ini.v1 v1.67.0 h1:Dgnx+6+nfE+IfzjUEISNeydPJh9AXNNsWbGP9KzCsOA=
gopkg.in/ini.v1 v1.67.0/go.mod h1:pNLf8WUiyNEtQjuu5G5vTm06TEv9tsIgeAvK8hOrP4k=
